github.com/chausen/go-tools v0.0.0-20200521014432-c0c65a0363db h1:todjz5KiLPchLBhMdsPivQnHy/lIcaTcWsQjVOciCAo=
github.com/chausen/go-tools v0.0.0-20200521014432-c0c65a0363db/go.mod h1:2qZKPGrcYc9N+aTGbjEzDpQTAnubo8/wkBbc43L1Z1A=
github.com/chausen/go-tools v0.0.0-20200523021822-71cc91eb7af9 h1:avlTQ3gBiIBTOHFKy4NnOszZKQZ8Sr3VI7/7dQFj8sU=
github.com/chausen/go-tools v0.0.0-20200523021822-71cc91eb7af9/go.mod h1:bfs8E3QG+nGw+ewtwSAca1LwL8CkPaYa9fuMmkCnxV4=
